{
  "name": "subline-process",
  "version": "1.0.1",
  "lockfileVersion": 1,
  "requires": true,
  "dependencies": {
    "iconv-lite": {
      "version": "0.4.24",
      "resolved": "https://registry.npm.taobao.org/iconv-lite/download/iconv-lite-0.4.24.tgz",
      "integrity": "sha1-ICK0sl+93CHS9SSXSkdKr+czkIs=",
      "requires": {
        "safer-buffer": ">= 2.1.2 < 3"
      }
    },
    "printf": {
      "version": "0.6.1",
      "resolved": "https://registry.npmjs.org/printf/-/printf-0.6.1.tgz",
      "integrity": "sha512-is0ctgGdPJ5951KulgfzvHGwJtZ5ck8l042vRkV6jrkpBzTmb/lueTqguWHy2JfVA+RY6gFVlaZgUS0j7S/dsw=="
    },
    "safer-buffer": {
      "version": "2.1.2",
      "resolved": "https://registry.npm.taobao.org/safer-buffer/download/safer-buffer-2.1.2.tgz",
      "integrity": "sha1-RPoWGwGHuVSd2Eu5GAL5vYOFzWo="
    }
  }
}
